
Microsoft Visual Studio Solution File, Format Version 12.00
# Visual Studio Version 17
VisualStudioVersion = 17.0.32112.339
MinimumVisualStudioVersion = 10.0.40219.1
Project("{9A19103F-16F7-4668-BE54-9A1E7A4F7556}") = "Svendeproeve", "Svendeproeve\Svendeproeve.csproj", "{FF49BB04-54C6-48AA-8C1A-F8ACB8C41297}"
EndProject
Global
	GlobalSection(SolutionConfigurationPlatforms) = preSolution
		Debug|Any CPU = Debug|Any CPU
		Release|Any CPU = Release|Any CPU
	EndGlobalSection
	GlobalSection(ProjectConfigurationPlatforms) = postSolution
		{FF49BB04-54C6-48AA-8C1A-F8ACB8C41297}.Debug|Any CPU.ActiveCfg = Debug|Any CPU
		{FF49BB04-54C6-48AA-8C1A-F8ACB8C41297}.Debug|Any CPU.Build.0 = Debug|Any CPU
		{FF49BB04-54C6-48AA-8C1A-F8ACB8C41297}.Release|Any CPU.ActiveCfg = Release|Any CPU
		{FF49BB04-54C6-48AA-8C1A-F8ACB8C41297}.Release|Any CPU.Build.0 = Release|Any CPU
	EndGlobalSection
	GlobalSection(SolutionProperties) = preSolution
		HideSolutionNode = FALSE
	EndGlobalSection
	GlobalSection(ExtensibilityGlobals) = postSolution
		SolutionGuid = {8F1E4E65-FFD5-452C-85FB-1EF9AFD1196E}
	EndGlobalSection
EndGlobal
